// !$*UTF8*$!
{
	archiveVersion = 1;
	classes = {
	};
	objectVersion = 48;
	objects = {

/* Begin PBXBuildFile section */
		2FAD9763203C412B000D30F8 /* config.xml in Resources */ = {isa = PBXBuildFile; fileRef = 2FAD9762203C412B000D30F8 /* config.xml */; };
		50379B232058CBB4000EE86E /* capacitor.config.json in Resources */ = {isa = PBXBuildFile; fileRef = 50379B222058CBB4000EE86E /* capacitor.config.json */; };
		504EC3081FED79650016851F /* AppDelegate.swift in Sources */ = {isa = PBXBuildFile; fileRef = 504EC3071FED79650016851F /* AppDelegate.swift */; };
		504EC30D1FED79650016851F /* Main.storyboard in Resources */ = {isa = PBXBuildFile; fileRef = 504EC30B1FED79650016851F /* Main.storyboard */; };
		504EC30F1FED79650016851F /* Assets.xcassets in Resources */ = {isa = PBXBuildFile; fileRef = 504EC30E1FED79650016851F /* Assets.xcassets */; };
		504EC3121FED79650016851F /* LaunchScreen.storyboard in Resources */ = {isa = PBXBuildFile; fileRef = 504EC3101FED79650016851F /* LaunchScreen.storyboard */; };
		50B271D11FEDC1A000F3C39B /* public in Resources */ = {isa = PBXBuildFile; fileRef = 50B271D01FEDC1A000F3C39B /* public */; };
		A084ECDBA7D38E1E42DFC39D /* Pods_App.framework in Frameworks */ = {isa = PBXBuildFile; fileRef = AF277DCFFFF123FFC6DF26C7 /* Pods_App.framework */; };
/* End PBXBuildFile section */

/* Begin PBXFileReference section */
		2FAD9762203C412B000D30F8 /* config.xml */ = {isa = PBXFileReference; lastKnownFileType = text.xml; path = config.xml; sourceTree = "<group>"; };
		50379B222058CBB4000EE86E /* capacitor.config.json */ = {isa = PBXFileReference; fileEncoding = 4; lastKnownFileType = text.json; path = capacitor.config.json; sourceTree = "<group>"; };
		504EC3041FED79650016851F /* App.app */ = {isa = PBXFileReference; explicitFileType = wrapper.application; includeInIndex = 0; path = App.app; sourceTree = BUILT_PRODUCTS_DIR; };
		504EC3071FED79650016851F /* AppDelegate.swift */ = {isa = PBXFileReference; lastKnownFileType = sourcecode.swift; path = AppDelegate.swift; sourceTree = "<group>"; };
		504EC30C1FED79650016851F /* Base */ = {isa = PBXFileReference; lastKnownFileType = file.storyboard; name = Base; path = Base.lproj/Main.storyboard; sourceTree = "<group>"; };
		504EC30E1FED79650016851F /* Assets.xcassets */ = {isa = PBXFileReference; lastKnownFileType = folder.assetcatalog; path = Assets.xcassets; sourceTree = "<group>"; };
		504EC3111FED79650016851F /* Base */ = {isa = PBXFileReference; lastKnownFileType = file.storyboard; name = Base; path = Base.lproj/LaunchScreen.storyboard; sourceTree = "<group>"; };
		504EC3131FED79650016851F /* Info.plist */ = {isa = PBXFileReference; lastKnownFileType = text.plist.xml; path = Info.plist; sourceTree = "<group>"; };
		50B271D01FEDC1A000F3C39B /* public */ = {isa = PBXFileReference; lastKnownFileType = folder; path = public; sourceTree = "<group>"; };
		AF277DCFFFF123FFC6DF26C7 /* Pods_App.framework */ = {isa = PBXFileReference; explicitFileType = wrapper.framework; includeInIndex = 0; path = Pods_App.framework; sourceTree = BUILT_PRODUCTS_DIR; };
		AF51FD2D460BCFE21FA515B2 /* Pods-App.release.xcconfig */ = {isa = PBXFileReference; includeInIndex = 1; lastKnownFileType = text.xcconfig; name = "Pods-App.release.xcconfig"; path = "Pods/Target Support Files/Pods-App/Pods-App.release.xcconfig"; sourceTree = "<group>"; };
		FC68EB0AF532CFC21C3344DD /* Pods-App.debug.xcconfig */ = {isa = PBXFileReference; includeInIndex = 1; lastKnownFileType = text.xcconfig; name = "Pods-App.debug.xcconfig"; path = "Pods/Target Support Files/Pods-App/Pods-App.debug.xcconfig"; sourceTree = "<group>"; };
/* End PBXFileReference section */

/* Begin PBXFrameworksBuildPhase section */
		504EC3011FED79650016851F /* Frameworks */ = {
			isa = PBXFrameworksBuildPhase;
			buildActionMask = 2147483647;
			files = (
				A084ECDBA7D38E1E42DFC39D /* Pods_App.framework in Frameworks */,
			);
			runOnlyForDeploymentPostprocessing = 0;
		};
/* End PBXFrameworksBuildPhase section */

/* Begin PBXGroup section */
		27E2DDA53C4D2A4D1A88CE4A /* Frameworks */ = {
			isa = PBXGroup;
			children = (
				AF277DCFFFF123FFC6DF26C7 /* Pods_App.framework */,
			);
			name = Frameworks;
			sourceTree = "<group>";
		};
		504EC2FB1FED79650016851F = {
			isa = PBXGroup;
			children = (
				504EC3061FED79650016851F /* App */,
				504EC3051FED79650016851F /* Products */,
				7F8756D8B27F46E3366F6CEA /* Pods */,
				27E2DDA53C4D2A4D1A88CE4A /* Frameworks */,
			);
			sourceTree = "<group>";
		};
		504EC3051FED79650016851F /* Products */ = {
			isa = PBXGroup;
			children = (
				504EC3041FED79650016851F /* App.app */,
			);
			name = Products;
			sourceTree = "<group>";
		};
		504EC3061FED79650016851F /* App */ = {
			isa = PBXGroup;
			children = (
				50379B222058CBB4000EE86E /* capacitor.config.json */,
				504EC3071FED79650016851F /* AppDelegate.swift */,
				504EC30B1FED79650016851F /* Main.storyboard */,
				504EC30E1FED79650016851F /* Assets.xcassets */,
				504EC3101FED79650016851F /* LaunchScreen.storyboard */,
				504EC3131FED79650016851F /* Info.plist */,
				2FAD9762203C412B000D30F8 /* config.xml */,
				50B271D01FEDC1A000F3C39B /* public */,
			);
			path = App;
			sourceTree = "<group>";
		};
		7F8756D8B27F46E3366F6CEA /* Pods */ = {
			isa = PBXGroup;
			children = (
				FC68EB0AF532CFC21C3344DD /* Pods-App.debug.xcconfig */,
				AF51FD2D460BCFE21FA515B2 /* Pods-App.release.xcconfig */,
			);
			name = Pods;
			sourceTree = "<group>";
		};
/* End PBXGroup section */

/* Begin PBXNativeTarget section */
		504EC3031FED79650016851F /* App */ = {
			isa = PBXNativeTarget;
			buildConfigurationList = 504EC3161FED79650016851F /* Build configuration list for PBXNativeTarget "App" */;
			buildPhases = (
				B1C2D3E4F5A6B7C8D9E0F1A2 /* [XC] Install Dependencies and Pods */,
				6634F4EFEBD30273BCE97C65 /* [CP] Check Pods Manifest.lock */,
				504EC3001FED79650016851F /* Sources */,
				504EC3011FED79650016851F /* Frameworks */,
				504EC3021FED79650016851F /* Resources */,
				9592DBEFFC6D2A0C8D5DEB22 /* [CP] Embed Pods Frameworks */,
			);
			buildRules = (
			);
			dependencies = (
			);
			name = App;
			productName = App;
			productReference = 504EC3041FED79650016851F /* App.app */;
			productType = "com.apple.product-type.application";
		};
/* End PBXNativeTarget section */

/* Begin PBXProject section */
		504EC2FC1FED79650016851F /* Project object */ = {
			isa = PBXProject;
			attributes = {
				LastSwiftUpdateCheck = 0920;
				LastUpgradeCheck = 0920;
				TargetAttributes = {
					504EC3031FED79650016851F = {
						CreatedOnToolsVersion = 9.2;
						LastSwiftMigration = 1100;
						ProvisioningStyle = Automatic;
					};
				};
			};
			buildConfigurationList = 504EC2FF1FED79650016851F /* Build configuration list for PBXProject "App" */;
			compatibilityVersion = "Xcode 8.0";
			developmentRegion = en;
			hasScannedForEncodings = 0;
			knownRegions = (
				en,
				Base,
			);
			mainGroup = 504EC2FB1FED79650016851F;
			packageReferences = (
			);
			productRefGroup = 504EC3051FED79650016851F /* Products */;
			projectDirPath = "";
			projectRoot = "";
			targets = (
				504EC3031FED79650016851F /* App */,
			);
		};
/* End PBXProject section */

/* Begin PBXResourcesBuildPhase section */
		504EC3021FED79650016851F /* Resources */ = {
			isa = PBXResourcesBuildPhase;
			buildActionMask = 2147483647;
			files = (
				504EC3121FED79650016851F /* LaunchScreen.storyboard in Resources */,
				50B271D11FEDC1A000F3C39B /* public in Resources */,
				504EC30F1FED79650016851F /* Assets.xcassets in Resources */,
				50379B232058CBB4000EE86E /* capacitor.config.json in Resources */,
				504EC30D1FED79650016851F /* Main.storyboard in Resources */,
				2FAD9763203C412B000D30F8 /* config.xml in Resources */,
			);
			runOnlyForDeploymentPostprocessing = 0;
		};
/* End PBXResourcesBuildPhase section */

/* Begin PBXShellScriptBuildPhase section */
		B1C2D3E4F5A6B7C8D9E0F1A2 /* [XC] Install Dependencies and Pods */ = {
			isa = PBXShellScriptBuildPhase;
			buildActionMask = 2147483647;
			files = (
			);
			inputPaths = (
				"${SRCROOT}/../../package.json",
				"${SRCROOT}/Podfile",
			);
			name = "[XC] Install Dependencies and Pods";
			outputPaths = (
				"${SRCROOT}/../../node_modules/.package-lock.json",
				"${SRCROOT}/Pods/Manifest.lock",
			);
			runOnlyForDeploymentPostprocessing = 0;
			shellPath = /bin/sh;
			shellScript = "# Xcode Cloud: Install all dependencies and Pods\n# This runs BEFORE Pods check to ensure everything is ready\n# Don't use set -e - handle errors manually for better debugging\n\n# Skip if running locally and everything already exists\nif [ \"${CI}\" != \"true\" ] && [ -d \"${SRCROOT}/Pods\" ] && [ -f \"${SRCROOT}/Pods/Manifest.lock\" ] && [ -d \"${SRCROOT}/../../node_modules\" ]; then\n    echo \"✅ Dependencies already installed, skipping...\"\n    exit 0\nfi\n\necho \"🔧 Starting dependency installation...\"\necho \"📁 SRCROOT: ${SRCROOT}\"\necho \"📁 CI: ${CI}\"\n\n# Navigate to repo root\nREPO_ROOT=\"${SRCROOT}/../../..\"\nif [ ! -f \"$REPO_ROOT/package.json\" ]; then\n    REPO_ROOT=\"${SRCROOT}/../..\"\nfi\n\nif [ ! -f \"$REPO_ROOT/package.json\" ]; then\n    echo \"error: Cannot find package.json at $REPO_ROOT/package.json\" >&2\n    echo \"error: Tried: ${SRCROOT}/../../.. and ${SRCROOT}/../..\" >&2\n    exit 1\nfi\n\ncd \"$REPO_ROOT\" || {\n    echo \"error: Cannot cd to repository root: $REPO_ROOT\" >&2\n    exit 1\n}\n\necho \"📁 Repository root: $(pwd)\"\n\n# CRITICAL: Find npm - use multiple strategies\n# Strategy 1: Try to find npm in PATH\nNPM_CMD=\"\"\nif command -v npm &> /dev/null; then\n    NPM_CMD=\"npm\"\n    echo \"✅ Found npm in PATH: $(which npm)\"\n# Strategy 2: Use npm from node_modules (if it exists)\nelif [ -f \"node_modules/.bin/npm\" ]; then\n    NPM_CMD=\"node node_modules/.bin/npm\"\n    echo \"✅ Using npm from node_modules/.bin/npm\"\n# Strategy 3: Find node and use it to locate npm\nelif command -v node &> /dev/null; then\n    NODE_DIR=\"$(dirname $(which node))\"\n    if [ -f \"$NODE_DIR/npm\" ]; then\n        export PATH=\"$NODE_DIR:$PATH\"\n        NPM_CMD=\"npm\"\n        echo \"✅ Found npm via node at: $NODE_DIR/npm\"\n    else\n        # Use node to run npm scripts directly\n        NPM_CMD=\"node node_modules/.bin/npm\"\n        echo \"✅ Using node to run npm from node_modules\"\n    fi\n# Strategy 4: Check common installation paths\nelse\n    for NODE_PATH in \"/usr/local/bin\" \"/opt/homebrew/bin\" \"/usr/bin\" \"/opt/pmk/env/global/bin\"; do\n        if [ -f \"$NODE_PATH/node\" ] && [ -f \"$NODE_PATH/npm\" ]; then\n            export PATH=\"$NODE_PATH:$PATH\"\n            NPM_CMD=\"npm\"\n            echo \"✅ Found npm at: $NODE_PATH/npm\"\n            break\n        fi\n    done\nfi\n\n# Final fallback: use node_modules npm if available\nif [ -z \"$NPM_CMD\" ] && [ -f \"node_modules/.bin/npm\" ]; then\n    NPM_CMD=\"node node_modules/.bin/npm\"\n    echo \"✅ Fallback: Using npm from node_modules/.bin/npm\"\nfi\n\n# Verify we have a way to run npm\nif [ -z \"$NPM_CMD\" ]; then\n    echo \"error: Cannot find npm or node\" >&2\n    echo \"PATH: $PATH\" >&2\n    echo \"Checking for node:\" >&2\n    which node || echo \"node not found\" >&2\n    echo \"Checking for node_modules/.bin/npm:\" >&2\n    ls -la node_modules/.bin/npm 2>&1 || echo \"node_modules/.bin/npm not found\" >&2\n    exit 1\nfi\n\n# Install npm dependencies (if needed)\nif [ ! -d \"node_modules\" ]; then\n    echo \"📦 Installing npm dependencies...\"\n    if ! $NPM_CMD ci; then\n        echo \"⚠️  npm ci failed, trying npm install...\"\n        if ! $NPM_CMD install; then\n            echo \"error: Both npm ci and npm install failed\" >&2\n            exit 1\n        fi\n    fi\n    echo \"✅ npm dependencies installed\"\nelse\n    echo \"✅ node_modules already exists\"\nfi\n\n# CRITICAL: Create .env file from Xcode Cloud environment variables\n# Vite needs these at BUILD TIME, not runtime\nif [ \"${CI}\" = \"true\" ]; then\n    echo \"🔧 Creating .env file from Xcode Cloud environment variables...\"\n    \n    # Check if environment variables are set\n    if [ -z \"${VITE_SUPABASE_URL}\" ] || [ -z \"${VITE_SUPABASE_PUBLISHABLE_KEY}\" ]; then\n        echo \"⚠️  WARNING: Environment variables not set in Xcode Cloud!\" >&2\n        echo \"   VITE_SUPABASE_URL: ${VITE_SUPABASE_URL:+SET}\" >&2\n        echo \"   VITE_SUPABASE_PUBLISHABLE_KEY: ${VITE_SUPABASE_PUBLISHABLE_KEY:+SET}\" >&2\n        echo \"   Build may fail or app may not work correctly.\" >&2\n    fi\n    \n    # Create .env file from environment variables\n    cat > .env << EOF\nVITE_SUPABASE_URL=${VITE_SUPABASE_URL:-}\nVITE_SUPABASE_PUBLISHABLE_KEY=${VITE_SUPABASE_PUBLISHABLE_KEY:-}\nEOF\n    \n    echo \"✅ .env file created\"\n    echo \"📋 Verifying .env file contents (URL only, key hidden):\"\n    if [ -f \".env\" ]; then\n        grep \"VITE_SUPABASE_URL\" .env | sed 's/=.*/=***/' || true\n        echo \"   VITE_SUPABASE_PUBLISHABLE_KEY=***\"\n    fi\nfi\n\n# Build web app\nif [ ! -d \"dist\" ] || [ \"${CI}\" = \"true\" ]; then\n    echo \"🏗️  Building web app...\"\n    \n    # Export environment variables to ensure they're available to npm\n    export VITE_SUPABASE_URL=\"${VITE_SUPABASE_URL:-}\"\n    export VITE_SUPABASE_PUBLISHABLE_KEY=\"${VITE_SUPABASE_PUBLISHABLE_KEY:-}\"\n    \n    # Try build with error handling\n    echo \"📦 Running: $NPM_CMD run build\"\n    if ! $NPM_CMD run build 2>&1; then\n        echo \"error: npm run build failed\" >&2\n        echo \"📋 Build script details:\"\n        cat package.json | grep -A 2 '\"build\"' || true\n        echo \"\"\n        echo \"💡 Troubleshooting:\"\n        echo \"   1. Check if .env file exists: $(test -f .env && echo 'YES' || echo 'NO')\"\n        if [ -f \".env\" ]; then\n            echo \"   2. .env file contents (first 100 chars):\"\n            head -c 100 .env || true\n        fi\n        echo \"   3. Environment variables in shell:\"\n        echo \"      VITE_SUPABASE_URL: ${VITE_SUPABASE_URL:+SET}\"\n        echo \"      VITE_SUPABASE_PUBLISHABLE_KEY: ${VITE_SUPABASE_PUBLISHABLE_KEY:+SET}\"\n        echo \"   4. npm command used: $NPM_CMD\"\n        exit 1\n    fi\n    echo \"✅ Web app built\"\nelse\n    echo \"✅ dist already exists\"\nfi\n\n# Sync Capacitor - use npx from node_modules if needed\nif [ -f \"node_modules/.bin/npx\" ]; then\n    NPX_CMD=\"node node_modules/.bin/npx\"\nelif command -v npx &> /dev/null; then\n    NPX_CMD=\"npx\"\nelse\n    echo \"error: npx not found\" >&2\n    exit 1\nfi\n\necho \"🔄 Syncing Capacitor...\"\nif ! $NPX_CMD cap sync ios; then\n    echo \"error: Capacitor sync failed\" >&2\n    exit 1\nfi\necho \"✅ Capacitor synced\"\n\n# Install Pods\ncd \"${SRCROOT}\" || {\n    echo \"error: Cannot cd to ${SRCROOT}\" >&2\n    exit 1\n}\n\nif [ ! -f \"Podfile\" ]; then\n    echo \"error: Podfile not found at ${SRCROOT}/Podfile\" >&2\n    exit 1\nfi\n\necho \"📦 Installing Pods...\"\nif ! command -v pod &> /dev/null; then\n    echo \"error: CocoaPods (pod) not found in PATH\" >&2\n    echo \"PATH: $PATH\" >&2\n    exit 1\nfi\n\nif ! pod install; then\n    echo \"error: pod install failed\" >&2\n    echo \"📁 Current directory: $(pwd)\"\n    echo \"📁 Podfile location: $(pwd)/Podfile\"\n    exit 1\nfi\n\necho \"✅ All dependencies installed successfully\"\n";
			showEnvVarsInLog = 0;
		};
		6634F4EFEBD30273BCE97C65 /* [CP] Check Pods Manifest.lock */ = {
			isa = PBXShellScriptBuildPhase;
			buildActionMask = 2147483647;
			files = (
			);
			inputPaths = (
				"${PODS_PODFILE_DIR_PATH}/Podfile.lock",
				"${PODS_ROOT}/Manifest.lock",
			);
			name = "[CP] Check Pods Manifest.lock";
			outputPaths = (
				"$(DERIVED_FILE_DIR)/Pods-App-checkManifestLockResult.txt",
			);
			runOnlyForDeploymentPostprocessing = 0;
			shellPath = /bin/sh;
			shellScript = "# Check if Pods are installed, if not install them (for Xcode Cloud)\n# This script handles Pods installation when CI scripts aren't available\nif [ ! -d \"${PODS_ROOT}\" ] || [ ! -f \"${PODS_ROOT}/Manifest.lock\" ]; then\n    echo \"⚠️  Pods not installed. Checking prerequisites...\"\n    \n    # Check if node_modules exists (needed for Capacitor Pods)\n    NODE_MODULES_PATH=\"${SRCROOT}/../../node_modules\"\n    if [ ! -d \"$NODE_MODULES_PATH\" ]; then\n        echo \"error: node_modules not found at $NODE_MODULES_PATH\" >&2\n        echo \"error: Xcode Cloud needs npm dependencies installed first.\" >&2\n        echo \"error: Please ensure CI scripts run or add a pre-build step to install npm dependencies.\" >&2\n        exit 1\n    fi\n    \n    echo \"Installing Pods...\"\n    cd \"${PODS_PODFILE_DIR_PATH}\"\n    if command -v pod &> /dev/null; then\n        pod install || {\n            echo \"error: pod install failed\" >&2\n            exit 1\n        }\n    else\n        echo \"error: CocoaPods not found\" >&2\n        exit 1\n    fi\nfi\n\n# Check if Podfile.lock and Manifest.lock are in sync\ndiff \"${PODS_PODFILE_DIR_PATH}/Podfile.lock\" \"${PODS_ROOT}/Manifest.lock\" > /dev/null\nif [ $? != 0 ] ; then\n    echo \"⚠️  Pods out of sync. Reinstalling...\"\n    cd \"${PODS_PODFILE_DIR_PATH}\"\n    if command -v pod &> /dev/null; then\n        pod install || {\n            echo \"error: pod install failed\" >&2\n            exit 1\n        }\n    else\n        echo \"error: The sandbox is not in sync with the Podfile.lock. Run 'pod install' or update your CocoaPods installation.\" >&2\n        exit 1\n    fi\nfi\n# This output is used by Xcode 'outputs' to avoid re-running this script phase.\necho \"SUCCESS\" > \"${SCRIPT_OUTPUT_FILE_0}\"\n";
			showEnvVarsInLog = 0;
		};
		9592DBEFFC6D2A0C8D5DEB22 /* [CP] Embed Pods Frameworks */ = {
			isa = PBXShellScriptBuildPhase;
			buildActionMask = 2147483647;
			files = (
			);
			inputPaths = (
			);
			name = "[CP] Embed Pods Frameworks";
			outputPaths = (
			);
			runOnlyForDeploymentPostprocessing = 0;
			shellPath = /bin/sh;
			shellScript = "\"${PODS_ROOT}/Target Support Files/Pods-App/Pods-App-frameworks.sh\"\n";
			showEnvVarsInLog = 0;
		};
/* End PBXShellScriptBuildPhase section */

/* Begin PBXSourcesBuildPhase section */
		504EC3001FED79650016851F /* Sources */ = {
			isa = PBXSourcesBuildPhase;
			buildActionMask = 2147483647;
			files = (
				504EC3081FED79650016851F /* AppDelegate.swift in Sources */,
			);
			runOnlyForDeploymentPostprocessing = 0;
		};
/* End PBXSourcesBuildPhase section */

/* Begin PBXVariantGroup section */
		504EC30B1FED79650016851F /* Main.storyboard */ = {
			isa = PBXVariantGroup;
			children = (
				504EC30C1FED79650016851F /* Base */,
			);
			name = Main.storyboard;
			sourceTree = "<group>";
		};
		504EC3101FED79650016851F /* LaunchScreen.storyboard */ = {
			isa = PBXVariantGroup;
			children = (
				504EC3111FED79650016851F /* Base */,
			);
			name = LaunchScreen.storyboard;
			sourceTree = "<group>";
		};
/* End PBXVariantGroup section */

/* Begin XCBuildConfiguration section */
		504EC3141FED79650016851F /* Debug */ = {
			isa = XCBuildConfiguration;
			buildSettings = {
				ALWAYS_SEARCH_USER_PATHS = NO;
				CLANG_ANALYZER_NONNULL = YES;
				CLANG_ANALYZER_NUMBER_OBJECT_CONVERSION = YES_AGGRESSIVE;
				CLANG_CXX_LANGUAGE_STANDARD = "gnu++14";
				CLANG_CXX_LIBRARY = "libc++";
				CLANG_ENABLE_MODULES = YES;
				CLANG_ENABLE_OBJC_ARC = YES;
				CLANG_WARN_BLOCK_CAPTURE_AUTORELEASING = YES;
				CLANG_WARN_BOOL_CONVERSION = YES;
				CLANG_WARN_COMMA = YES;
				CLANG_WARN_CONSTANT_CONVERSION = YES;
				CLANG_WARN_DIRECT_OBJC_ISA_USAGE = YES_ERROR;
				CLANG_WARN_DOCUMENTATION_COMMENTS = YES;
				CLANG_WARN_EMPTY_BODY = YES;
				CLANG_WARN_ENUM_CONVERSION = YES;
				CLANG_WARN_INFINITE_RECURSION = YES;
				CLANG_WARN_INT_CONVERSION = YES;
				CLANG_WARN_NON_LITERAL_NULL_CONVERSION = YES;
				CLANG_WARN_OBJC_LITERAL_CONVERSION = YES;
				CLANG_WARN_OBJC_ROOT_CLASS = YES_ERROR;
				CLANG_WARN_RANGE_LOOP_ANALYSIS = YES;
				CLANG_WARN_STRICT_PROTOTYPES = YES;
				CLANG_WARN_SUSPICIOUS_MOVE = YES;
				CLANG_WARN_UNGUARDED_AVAILABILITY = YES_AGGRESSIVE;
				CLANG_WARN_UNREACHABLE_CODE = YES;
				CLANG_WARN__DUPLICATE_METHOD_MATCH = YES;
				CODE_SIGN_IDENTITY = "iPhone Developer";
				COPY_PHASE_STRIP = NO;
				DEBUG_INFORMATION_FORMAT = dwarf;
				ENABLE_STRICT_OBJC_MSGSEND = YES;
				ENABLE_TESTABILITY = YES;
				GCC_C_LANGUAGE_STANDARD = gnu11;
				GCC_DYNAMIC_NO_PIC = NO;
				GCC_NO_COMMON_BLOCKS = YES;
				GCC_OPTIMIZATION_LEVEL = 0;
				GCC_PREPROCESSOR_DEFINITIONS = (
					"DEBUG=1",
					"$(inherited)",
				);
				GCC_WARN_64_TO_32_BIT_CONVERSION = YES;
				GCC_WARN_ABOUT_RETURN_TYPE = YES_ERROR;
				GCC_WARN_UNDECLARED_SELECTOR = YES;
				GCC_WARN_UNINITIALIZED_AUTOS = YES_AGGRESSIVE;
				GCC_WARN_UNUSED_FUNCTION = YES;
				GCC_WARN_UNUSED_VARIABLE = YES;
				IPHONEOS_DEPLOYMENT_TARGET = 14.0;
				MTL_ENABLE_DEBUG_INFO = YES;
				ONLY_ACTIVE_ARCH = YES;
				SDKROOT = iphoneos;
				SWIFT_ACTIVE_COMPILATION_CONDITIONS = DEBUG;
				SWIFT_OPTIMIZATION_LEVEL = "-Onone";
			};
			name = Debug;
		};
		504EC3151FED79650016851F /* Release */ = {
			isa = XCBuildConfiguration;
			buildSettings = {
				ALWAYS_SEARCH_USER_PATHS = NO;
				CLANG_ANALYZER_NONNULL = YES;
				CLANG_ANALYZER_NUMBER_OBJECT_CONVERSION = YES_AGGRESSIVE;
				CLANG_CXX_LANGUAGE_STANDARD = "gnu++14";
				CLANG_CXX_LIBRARY = "libc++";
				CLANG_ENABLE_MODULES = YES;
				CLANG_ENABLE_OBJC_ARC = YES;
				CLANG_WARN_BLOCK_CAPTURE_AUTORELEASING = YES;
				CLANG_WARN_BOOL_CONVERSION = YES;
				CLANG_WARN_COMMA = YES;
				CLANG_WARN_CONSTANT_CONVERSION = YES;
				CLANG_WARN_DIRECT_OBJC_ISA_USAGE = YES_ERROR;
				CLANG_WARN_DOCUMENTATION_COMMENTS = YES;
				CLANG_WARN_EMPTY_BODY = YES;
				CLANG_WARN_ENUM_CONVERSION = YES;
				CLANG_WARN_INFINITE_RECURSION = YES;
				CLANG_WARN_INT_CONVERSION = YES;
				CLANG_WARN_NON_LITERAL_NULL_CONVERSION = YES;
				CLANG_WARN_OBJC_LITERAL_CONVERSION = YES;
				CLANG_WARN_OBJC_ROOT_CLASS = YES_ERROR;
				CLANG_WARN_RANGE_LOOP_ANALYSIS = YES;
				CLANG_WARN_STRICT_PROTOTYPES = YES;
				CLANG_WARN_SUSPICIOUS_MOVE = YES;
				CLANG_WARN_UNGUARDED_AVAILABILITY = YES_AGGRESSIVE;
				CLANG_WARN_UNREACHABLE_CODE = YES;
				CLANG_WARN__DUPLICATE_METHOD_MATCH = YES;
				CODE_SIGN_IDENTITY = "iPhone Developer";
				COPY_PHASE_STRIP = NO;
				DEBUG_INFORMATION_FORMAT = "dwarf-with-dsym";
				ENABLE_NS_ASSERTIONS = NO;
				ENABLE_STRICT_OBJC_MSGSEND = YES;
				GCC_C_LANGUAGE_STANDARD = gnu11;
				GCC_NO_COMMON_BLOCKS = YES;
				GCC_WARN_64_TO_32_BIT_CONVERSION = YES;
				GCC_WARN_ABOUT_RETURN_TYPE = YES_ERROR;
				GCC_WARN_UNDECLARED_SELECTOR = YES;
				GCC_WARN_UNINITIALIZED_AUTOS = YES_AGGRESSIVE;
				GCC_WARN_UNUSED_FUNCTION = YES;
				GCC_WARN_UNUSED_VARIABLE = YES;
				IPHONEOS_DEPLOYMENT_TARGET = 14.0;
				MTL_ENABLE_DEBUG_INFO = NO;
				SDKROOT = iphoneos;
				SWIFT_OPTIMIZATION_LEVEL = "-Owholemodule";
				VALIDATE_PRODUCT = YES;
			};
			name = Release;
		};
		504EC3171FED79650016851F /* Debug */ = {
			isa = XCBuildConfiguration;
			baseConfigurationReference = FC68EB0AF532CFC21C3344DD /* Pods-App.debug.xcconfig */;
			buildSettings = {
				ASSETCATALOG_COMPILER_APPICON_NAME = AppIcon;
				CODE_SIGN_STYLE = Automatic;
				CURRENT_PROJECT_VERSION = 1;
				INFOPLIST_FILE = App/Info.plist;
				IPHONEOS_DEPLOYMENT_TARGET = 14.0;
				LD_RUNPATH_SEARCH_PATHS = "$(inherited) @executable_path/Frameworks";
				MARKETING_VERSION = 1.0;
				OTHER_SWIFT_FLAGS = "$(inherited) \"-D\" \"COCOAPODS\" \"-DDEBUG\"";
				PRODUCT_BUNDLE_IDENTIFIER = com.athletica.sports;
				PRODUCT_NAME = "$(TARGET_NAME)";
				SWIFT_ACTIVE_COMPILATION_CONDITIONS = DEBUG;
				SWIFT_VERSION = 5.0;
				TARGETED_DEVICE_FAMILY = "1,2";
			};
			name = Debug;
		};
		504EC3181FED79650016851F /* Release */ = {
			isa = XCBuildConfiguration;
			baseConfigurationReference = AF51FD2D460BCFE21FA515B2 /* Pods-App.release.xcconfig */;
			buildSettings = {
				ASSETCATALOG_COMPILER_APPICON_NAME = AppIcon;
				CODE_SIGN_STYLE = Automatic;
				CURRENT_PROJECT_VERSION = 1;
				INFOPLIST_FILE = App/Info.plist;
				IPHONEOS_DEPLOYMENT_TARGET = 14.0;
				LD_RUNPATH_SEARCH_PATHS = "$(inherited) @executable_path/Frameworks";
				MARKETING_VERSION = 1.0;
				PRODUCT_BUNDLE_IDENTIFIER = com.athletica.sports;
				PRODUCT_NAME = "$(TARGET_NAME)";
				SWIFT_ACTIVE_COMPILATION_CONDITIONS = "";
				SWIFT_VERSION = 5.0;
				TARGETED_DEVICE_FAMILY = "1,2";
			};
			name = Release;
		};
/* End XCBuildConfiguration section */

/* Begin XCConfigurationList section */
		504EC2FF1FED79650016851F /* Build configuration list for PBXProject "App" */ = {
			isa = XCConfigurationList;
			buildConfigurations = (
				504EC3141FED79650016851F /* Debug */,
				504EC3151FED79650016851F /* Release */,
			);
			defaultConfigurationIsVisible = 0;
			defaultConfigurationName = Release;
		};
		504EC3161FED79650016851F /* Build configuration list for PBXNativeTarget "App" */ = {
			isa = XCConfigurationList;
			buildConfigurations = (
				504EC3171FED79650016851F /* Debug */,
				504EC3181FED79650016851F /* Release */,
			);
			defaultConfigurationIsVisible = 0;
			defaultConfigurationName = Release;
		};
/* End XCConfigurationList section */
	};
	rootObject = 504EC2FC1FED79650016851F /* Project object */;
}
